
Microsoft Visual Studio Solution File, Format Version 12.00
# Visual Studio Version 16
VisualStudioVersion = 16.0.30611.23
MinimumVisualStudioVersion = 10.0.40219.1
Project("{FAE04EC0-301F-11D3-BF4B-00C04F79EFBC}") = "SemaphoreLab", "SemaphoreLab\SemaphoreLab.csproj", "{38340D04-EB99-47DD-AE49-CFC6AF27312D}"
EndProject
Global
	GlobalSection(SolutionConfigurationPlatforms) = preSolution
		Debug|Any CPU = Debug|Any CPU
		Release|Any CPU = Release|Any CPU
	EndGlobalSection
	GlobalSection(ProjectConfigurationPlatforms) = postSolution
		{38340D04-EB99-47DD-AE49-CFC6AF27312D}.Debug|Any CPU.ActiveCfg = Debug|Any CPU
		{38340D04-EB99-47DD-AE49-CFC6AF27312D}.Debug|Any CPU.Build.0 = Debug|Any CPU
		{38340D04-EB99-47DD-AE49-CFC6AF27312D}.Release|Any CPU.ActiveCfg = Release|Any CPU
		{38340D04-EB99-47DD-AE49-CFC6AF27312D}.Release|Any CPU.Build.0 = Release|Any CPU
	EndGlobalSection
	GlobalSection(SolutionProperties) = preSolution
		HideSolutionNode = FALSE
	EndGlobalSection
	GlobalSection(ExtensibilityGlobals) = postSolution
		SolutionGuid = {5608E927-1A23-44EE-AA37-A252B4119CB3}
	EndGlobalSection
EndGlobal
